// !$*UTF8*$!
{
	archiveVersion = 1;
	classes = {
	};
	objectVersion = 42;
	objects = {

/* Begin PBXBuildFile section */
		0B57CB1209C482D20000E739 /* Carbon.framework in Frameworks */ = {isa = PBXBuildFile; fileRef = 0B57CB1109C482D20000E739 /* Carbon.framework */; };
		0B57CB1409C482DC0000E739 /* CoreServices.framework in Frameworks */ = {isa = PBXBuildFile; fileRef = 0B57CB1309C482DC0000E739 /* CoreServices.framework */; };
		0B5E281E09C1D6C500444687 /* SRRemoveShortcut.tif in Resources */ = {isa = PBXBuildFile; fileRef = 0B5E281809C1D6C500444687 /* SRRemoveShortcut.tif */; };
		0B5E282009C1D6C500444687 /* SRRemoveShortcutPressed.tif in Resources */ = {isa = PBXBuildFile; fileRef = 0B5E281A09C1D6C500444687 /* SRRemoveShortcutPressed.tif */; };
		0B5E282209C1D6C500444687 /* SRRemoveShortcutRollover.tif in Resources */ = {isa = PBXBuildFile; fileRef = 0B5E281C09C1D6C500444687 /* SRRemoveShortcutRollover.tif */; };
		0B68DD0909CC0BEB00596FC0 /* ShortcutRecorder.strings in Resources */ = {isa = PBXBuildFile; fileRef = 0B68DD0709CC0BEB00596FC0 /* ShortcutRecorder.strings */; };
		0B6DAA3D09C329AB0022655F /* SRSnapback.tiff in Resources */ = {isa = PBXBuildFile; fileRef = 0B6DAA3C09C329AB0022655F /* SRSnapback.tiff */; };
		0B8E29C409CDB9360085E9ED /* CTGradient.m in Sources */ = {isa = PBXBuildFile; fileRef = 0B8E29BD09CDB9360085E9ED /* CTGradient.m */; };
		0B8E29C609CDB9360085E9ED /* SRRecorderControl.m in Sources */ = {isa = PBXBuildFile; fileRef = 0B8E29C109CDB9360085E9ED /* SRRecorderControl.m */; };
		0B8E29C709CDB9360085E9ED /* SRRecorderCell.m in Sources */ = {isa = PBXBuildFile; fileRef = 0B8E29C309CDB9360085E9ED /* SRRecorderCell.m */; };
		0B8E2A0B09CDBADE0085E9ED /* AppController.m in Sources */ = {isa = PBXBuildFile; fileRef = 0B8E2A0109CDBADE0085E9ED /* AppController.m */; };
		0B8E2A0C09CDBADE0085E9ED /* PTHotKey.m in Sources */ = {isa = PBXBuildFile; fileRef = 0B8E2A0409CDBADE0085E9ED /* PTHotKey.m */; };
		0B8E2A0D09CDBADE0085E9ED /* PTHotKeyCenter.m in Sources */ = {isa = PBXBuildFile; fileRef = 0B8E2A0609CDBADE0085E9ED /* PTHotKeyCenter.m */; };
		0B8E2A0E09CDBADE0085E9ED /* PTKeyCombo.m in Sources */ = {isa = PBXBuildFile; fileRef = 0B8E2A0809CDBADE0085E9ED /* PTKeyCombo.m */; };
		0B8E2A2409CDBB440085E9ED /* InfoPlist.strings in Resources */ = {isa = PBXBuildFile; fileRef = 0B8E2A1E09CDBB440085E9ED /* InfoPlist.strings */; };
		0B8E2A3D09CDBBA30085E9ED /* SRRecorderInspector.m in Sources */ = {isa = PBXBuildFile; fileRef = 0B8E2A3909CDBBA30085E9ED /* SRRecorderInspector.m */; };
		0B8E2A3E09CDBBA30085E9ED /* SRRecorderPalette.m in Sources */ = {isa = PBXBuildFile; fileRef = 0B8E2A3B09CDBBA30085E9ED /* SRRecorderPalette.m */; };
		0B8E2A4A09CDBBEB0085E9ED /* palette.table in Resources */ = {isa = PBXBuildFile; fileRef = 0B8E2A4909CDBBEB0085E9ED /* palette.table */; };
		0B8E2A4C09CDBBF80085E9ED /* ShortcutRecorder.ibclassdescription in Resources */ = {isa = PBXBuildFile; fileRef = 0B8E2A4B09CDBBF80085E9ED /* ShortcutRecorder.ibclassdescription */; };
		0B8E2A8A09CDC06E0085E9ED /* ShortcutRecorder.tiff in Resources */ = {isa = PBXBuildFile; fileRef = 0B8E2A8909CDC06E0085E9ED /* ShortcutRecorder.tiff */; };
		0B8E2A8B09CDC0750085E9ED /* Cocoa.framework in Frameworks */ = {isa = PBXBuildFile; fileRef = 1058C7A1FEA54F0111CA2CBB /* Cocoa.framework */; };
		0B8E2A8C09CDC0760085E9ED /* Carbon.framework in Frameworks */ = {isa = PBXBuildFile; fileRef = 0B57CB1109C482D20000E739 /* Carbon.framework */; };
		0B8E2A8D09CDC0770085E9ED /* CoreServices.framework in Frameworks */ = {isa = PBXBuildFile; fileRef = 0B57CB1309C482DC0000E739 /* CoreServices.framework */; };
		0B8E2A8E09CDC07A0085E9ED /* SRRecorderControl.m in Sources */ = {isa = PBXBuildFile; fileRef = 0B8E29C109CDB9360085E9ED /* SRRecorderControl.m */; };
		0B8E2A8F09CDC07B0085E9ED /* SRRecorderCell.m in Sources */ = {isa = PBXBuildFile; fileRef = 0B8E29C309CDB9360085E9ED /* SRRecorderCell.m */; };
		0B8E2A9109CDC07D0085E9ED /* CTGradient.m in Sources */ = {isa = PBXBuildFile; fileRef = 0B8E29BD09CDB9360085E9ED /* CTGradient.m */; };
		0B8E2A9209CDC0800085E9ED /* ShortcutRecorder.strings in Resources */ = {isa = PBXBuildFile; fileRef = 0B68DD0709CC0BEB00596FC0 /* ShortcutRecorder.strings */; };
		0B8E2AA109CDC0D90085E9ED /* InterfaceBuilder.framework in Frameworks */ = {isa = PBXBuildFile; fileRef = 0B8E2AA009CDC0D90085E9ED /* InterfaceBuilder.framework */; };
		0B8E2D3009CDC1830085E9ED /* SRRemoveShortcut.tif in Resources */ = {isa = PBXBuildFile; fileRef = 0B5E281809C1D6C500444687 /* SRRemoveShortcut.tif */; };
		0B8E2D3109CDC1840085E9ED /* SRRemoveShortcutPressed.tif in Resources */ = {isa = PBXBuildFile; fileRef = 0B5E281A09C1D6C500444687 /* SRRemoveShortcutPressed.tif */; };
		0B8E2D3209CDC1840085E9ED /* SRRemoveShortcutRollover.tif in Resources */ = {isa = PBXBuildFile; fileRef = 0B5E281C09C1D6C500444687 /* SRRemoveShortcutRollover.tif */; };
		0B8E2D3309CDC1850085E9ED /* SRSnapback.tiff in Resources */ = {isa = PBXBuildFile; fileRef = 0B6DAA3C09C329AB0022655F /* SRSnapback.tiff */; };
		0BBDDE780A38830300BE2EB8 /* SRRecorderInspector.nib in Resources */ = {isa = PBXBuildFile; fileRef = 0BBDDE760A38830300BE2EB8 /* SRRecorderInspector.nib */; };
		0BBDDE7B0A38830600BE2EB8 /* SRRecorderPalette.nib in Resources */ = {isa = PBXBuildFile; fileRef = 0BBDDE790A38830600BE2EB8 /* SRRecorderPalette.nib */; };
		74C367120A246B4900B69171 /* SRKeyCodeTransformer.m in Sources */ = {isa = PBXBuildFile; fileRef = 74C3670D0A246B4900B69171 /* SRKeyCodeTransformer.m */; };
		74C367130A246B4900B69171 /* SRValidator.m in Sources */ = {isa = PBXBuildFile; fileRef = 74C3670F0A246B4900B69171 /* SRValidator.m */; };
		74C367140A246B4900B69171 /* SRCommon.m in Sources */ = {isa = PBXBuildFile; fileRef = 74C367110A246B4900B69171 /* SRCommon.m */; };
		74C367150A246B4900B69171 /* SRKeyCodeTransformer.m in Sources */ = {isa = PBXBuildFile; fileRef = 74C3670D0A246B4900B69171 /* SRKeyCodeTransformer.m */; };
		74C367160A246B4900B69171 /* SRValidator.m in Sources */ = {isa = PBXBuildFile; fileRef = 74C3670F0A246B4900B69171 /* SRValidator.m */; };
		74C367170A246B4900B69171 /* SRCommon.m in Sources */ = {isa = PBXBuildFile; fileRef = 74C367110A246B4900B69171 /* SRCommon.m */; };
		8D11072A0486CEB800E47090 /* MainMenu.nib in Resources */ = {isa = PBXBuildFile; fileRef = 29B97318FDCFA39411CA2CEA /* MainMenu.nib */; };
		8D11072B0486CEB800E47090 /* InfoPlist.strings in Resources */ = {isa = PBXBuildFile; fileRef = 089C165CFE840E0CC02AAC07 /* InfoPlist.strings */; };
		8D11072D0486CEB800E47090 /* main.m in Sources */ = {isa = PBXBuildFile; fileRef = 29B97316FDCFA39411CA2CEA /* main.m */; settings = {ATTRIBUTES = (); }; };
		8D11072F0486CEB800E47090 /* Cocoa.framework in Frameworks */ = {isa = PBXBuildFile; fileRef = 1058C7A1FEA54F0111CA2CBB /* Cocoa.framework */; };
/* End PBXBuildFile section */

/* Begin PBXFileReference section */
		089C165DFE840E0CC02AAC07 /* InfoPlist.strings */ = {isa = PBXFileReference; fileEncoding = 10; lastKnownFileType = text.plist.strings; name = InfoPlist.strings; path = Demo/English.lproj/InfoPlist.strings; sourceTree = "<group>"; };
		0B57CB1109C482D20000E739 /* Carbon.framework */ = {isa = PBXFileReference; lastKnownFileType = wrapper.framework; name = Carbon.framework; path = /System/Library/Frameworks/Carbon.framework; sourceTree = "<absolute>"; };
		0B57CB1309C482DC0000E739 /* CoreServices.framework */ = {isa = PBXFileReference; lastKnownFileType = wrapper.framework; name = CoreServices.framework; path = /System/Library/Frameworks/CoreServices.framework; sourceTree = "<absolute>"; };
		0B5E281809C1D6C500444687 /* SRRemoveShortcut.tif */ = {isa = PBXFileReference; lastKnownFileType = image.tiff; path = SRRemoveShortcut.tif; sourceTree = "<group>"; };
		0B5E281A09C1D6C500444687 /* SRRemoveShortcutPressed.tif */ = {isa = PBXFileReference; lastKnownFileType = image.tiff; path = SRRemoveShortcutPressed.tif; sourceTree = "<group>"; };
		0B5E281C09C1D6C500444687 /* SRRemoveShortcutRollover.tif */ = {isa = PBXFileReference; lastKnownFileType = image.tiff; path = SRRemoveShortcutRollover.tif; sourceTree = "<group>"; };
		0B68DD0809CC0BEB00596FC0 /* English */ = {isa = PBXFileReference; fileEncoding = 10; lastKnownFileType = text.plist.strings; name = English; path = English.lproj/ShortcutRecorder.strings; sourceTree = "<group>"; };
		0B6DAA3C09C329AB0022655F /* SRSnapback.tiff */ = {isa = PBXFileReference; lastKnownFileType = image.tiff; path = SRSnapback.tiff; sourceTree = "<group>"; };
		0B8216800A62B67D00E12BE3 /* Dutch */ = {isa = PBXFileReference; fileEncoding = 10; lastKnownFileType = text.plist.strings; name = Dutch; path = Dutch.lproj/ShortcutRecorder.strings; sourceTree = "<group>"; };
		0B889A0A09CEC8BB0011F12B /* German */ = {isa = PBXFileReference; fileEncoding = 10; lastKnownFileType = text.plist.strings; name = German; path = German.lproj/ShortcutRecorder.strings; sourceTree = "<group>"; };
		0B8E29BC09CDB9360085E9ED /* CTGradient.h */ = {isa = PBXFileReference; fileEncoding = 4; lastKnownFileType = sourcecode.c.h; path = CTGradient.h; sourceTree = "<group>"; };
		0B8E29BD09CDB9360085E9ED /* CTGradient.m */ = {isa = PBXFileReference; fileEncoding = 4; lastKnownFileType = sourcecode.c.objc; path = CTGradient.m; sourceTree = "<group>"; };
		0B8E29C009CDB9360085E9ED /* SRRecorderControl.h */ = {isa = PBXFileReference; fileEncoding = 4; lastKnownFileType = sourcecode.c.h; path = SRRecorderControl.h; sourceTree = "<group>"; };
		0B8E29C109CDB9360085E9ED /* SRRecorderControl.m */ = {isa = PBXFileReference; fileEncoding = 4; lastKnownFileType = sourcecode.c.objc; path = SRRecorderControl.m; sourceTree = "<group>"; };
		0B8E29C209CDB9360085E9ED /* SRRecorderCell.h */ = {isa = PBXFileReference; fileEncoding = 4; lastKnownFileType = sourcecode.c.h; path = SRRecorderCell.h; sourceTree = "<group>"; };
		0B8E29C309CDB9360085E9ED /* SRRecorderCell.m */ = {isa = PBXFileReference; fileEncoding = 4; lastKnownFileType = sourcecode.c.objc; path = SRRecorderCell.m; sourceTree = "<group>"; };
		0B8E29DB09CDB9720085E9ED /* ShortcutRecorder.palette */ = {isa = PBXFileReference; explicitFileType = wrapper.cfbundle; includeInIndex = 0; path = ShortcutRecorder.palette; sourceTree = BUILT_PRODUCTS_DIR; };
		0B8E2A0009CDBADE0085E9ED /* AppController.h */ = {isa = PBXFileReference; fileEncoding = 4; lastKnownFileType = sourcecode.c.h; path = AppController.h; sourceTree = "<group>"; };
		0B8E2A0109CDBADE0085E9ED /* AppController.m */ = {isa = PBXFileReference; fileEncoding = 4; lastKnownFileType = sourcecode.c.objc; path = AppController.m; sourceTree = "<group>"; };
		0B8E2A0309CDBADE0085E9ED /* PTHotKey.h */ = {isa = PBXFileReference; fileEncoding = 4; lastKnownFileType = sourcecode.c.h; path = PTHotKey.h; sourceTree = "<group>"; };
		0B8E2A0409CDBADE0085E9ED /* PTHotKey.m */ = {isa = PBXFileReference; fileEncoding = 4; lastKnownFileType = sourcecode.c.objc; path = PTHotKey.m; sourceTree = "<group>"; };
		0B8E2A0509CDBADE0085E9ED /* PTHotKeyCenter.h */ = {isa = PBXFileReference; fileEncoding = 4; lastKnownFileType = sourcecode.c.h; path = PTHotKeyCenter.h; sourceTree = "<group>"; };
		0B8E2A0609CDBADE0085E9ED /* PTHotKeyCenter.m */ = {isa = PBXFileReference; fileEncoding = 4; lastKnownFileType = sourcecode.c.objc; path = PTHotKeyCenter.m; sourceTree = "<group>"; };
		0B8E2A0709CDBADE0085E9ED /* PTKeyCombo.h */ = {isa = PBXFileReference; fileEncoding = 4; lastKnownFileType = sourcecode.c.h; path = PTKeyCombo.h; sourceTree = "<group>"; };
		0B8E2A0809CDBADE0085E9ED /* PTKeyCombo.m */ = {isa = PBXFileReference; fileEncoding = 4; lastKnownFileType = sourcecode.c.objc; path = PTKeyCombo.m; sourceTree = "<group>"; };
		0B8E2A1F09CDBB440085E9ED /* English */ = {isa = PBXFileReference; fileEncoding = 10; lastKnownFileType = text.plist.strings; name = English; path = Palette/English.lproj/InfoPlist.strings; sourceTree = "<group>"; };
		0B8E2A3909CDBBA30085E9ED /* SRRecorderInspector.m */ = {isa = PBXFileReference; fileEncoding = 4; lastKnownFileType = sourcecode.c.objc; name = SRRecorderInspector.m; path = Palette/SRRecorderInspector.m; sourceTree = "<group>"; };
		0B8E2A3A09CDBBA30085E9ED /* SRRecorderInspector.h */ = {isa = PBXFileReference; fileEncoding = 4; lastKnownFileType = sourcecode.c.h; name = SRRecorderInspector.h; path = Palette/SRRecorderInspector.h; sourceTree = "<group>"; };
		0B8E2A3B09CDBBA30085E9ED /* SRRecorderPalette.m */ = {isa = PBXFileReference; fileEncoding = 4; lastKnownFileType = sourcecode.c.objc; name = SRRecorderPalette.m; path = Palette/SRRecorderPalette.m; sourceTree = "<group>"; };
		0B8E2A3C09CDBBA30085E9ED /* SRRecorderPalette.h */ = {isa = PBXFileReference; fileEncoding = 4; lastKnownFileType = sourcecode.c.h; name = SRRecorderPalette.h; path = Palette/SRRecorderPalette.h; sourceTree = "<group>"; };
		0B8E2A4909CDBBEB0085E9ED /* palette.table */ = {isa = PBXFileReference; fileEncoding = 4; lastKnownFileType = text.xml; name = palette.table; path = Palette/palette.table; sourceTree = "<group>"; };
		0B8E2A4B09CDBBF80085E9ED /* ShortcutRecorder.ibclassdescription */ = {isa = PBXFileReference; fileEncoding = 4; lastKnownFileType = text; name = ShortcutRecorder.ibclassdescription; path = Palette/ShortcutRecorder.ibclassdescription; sourceTree = "<group>"; };
		0B8E2A8909CDC06E0085E9ED /* ShortcutRecorder.tiff */ = {isa = PBXFileReference; lastKnownFileType = image.tiff; name = ShortcutRecorder.tiff; path = Palette/ShortcutRecorder.tiff; sourceTree = "<group>"; };
		0B8E2AA009CDC0D90085E9ED /* InterfaceBuilder.framework */ = {isa = PBXFileReference; lastKnownFileType = wrapper.framework; name = InterfaceBuilder.framework; path = /System/Library/Frameworks/InterfaceBuilder.framework; sourceTree = "<absolute>"; };
		0BA347AB09E84C7A008B4374 /* sv */ = {isa = PBXFileReference; fileEncoding = 10; lastKnownFileType = text.plist.strings; name = sv; path = sv.lproj/ShortcutRecorder.strings; sourceTree = "<group>"; };
		0BBDDE770A38830300BE2EB8 /* English */ = {isa = PBXFileReference; lastKnownFileType = wrapper.nib; name = English; path = Palette/English.lproj/SRRecorderInspector.nib; sourceTree = "<group>"; };
		0BBDDE7A0A38830600BE2EB8 /* English */ = {isa = PBXFileReference; lastKnownFileType = wrapper.nib; name = English; path = Palette/English.lproj/SRRecorderPalette.nib; sourceTree = "<group>"; };
		1058C7A1FEA54F0111CA2CBB /* Cocoa.framework */ = {isa = PBXFileReference; lastKnownFileType = wrapper.framework; name = Cocoa.framework; path = /System/Library/Frameworks/Cocoa.framework; sourceTree = "<absolute>"; };
		13E42FB307B3F0F600E4EEF1 /* CoreData.framework */ = {isa = PBXFileReference; lastKnownFileType = wrapper.framework; name = CoreData.framework; path = /System/Library/Frameworks/CoreData.framework; sourceTree = "<absolute>"; };
		29B97316FDCFA39411CA2CEA /* main.m */ = {isa = PBXFileReference; fileEncoding = 4; lastKnownFileType = sourcecode.c.objc; name = main.m; path = Demo/main.m; sourceTree = "<group>"; };
		29B97319FDCFA39411CA2CEA /* MainMenu.nib */ = {isa = PBXFileReference; lastKnownFileType = wrapper.nib; name = MainMenu.nib; path = Demo/English.lproj/MainMenu.nib; sourceTree = "<group>"; };
		29B97324FDCFA39411CA2CEA /* AppKit.framework */ = {isa = PBXFileReference; lastKnownFileType = wrapper.framework; name = AppKit.framework; path = /System/Library/Frameworks/AppKit.framework; sourceTree = "<absolute>"; };
		29B97325FDCFA39411CA2CEA /* Foundation.framework */ = {isa = PBXFileReference; lastKnownFileType = wrapper.framework; name = Foundation.framework; path = /System/Library/Frameworks/Foundation.framework; sourceTree = "<absolute>"; };
		32CA4F630368D1EE00C91783 /* ShortcutRecorder_Prefix.pch */ = {isa = PBXFileReference; fileEncoding = 4; lastKnownFileType = sourcecode.c.h; path = ShortcutRecorder_Prefix.pch; sourceTree = "<group>"; };
		74C3670C0A246B4900B69171 /* SRKeyCodeTransformer.h */ = {isa = PBXFileReference; fileEncoding = 30; lastKnownFileType = sourcecode.c.h; path = SRKeyCodeTransformer.h; sourceTree = "<group>"; };
		74C3670D0A246B4900B69171 /* SRKeyCodeTransformer.m */ = {isa = PBXFileReference; fileEncoding = 30; lastKnownFileType = sourcecode.c.objc; path = SRKeyCodeTransformer.m; sourceTree = "<group>"; };
		74C3670E0A246B4900B69171 /* SRValidator.h */ = {isa = PBXFileReference; fileEncoding = 30; lastKnownFileType = sourcecode.c.h; path = SRValidator.h; sourceTree = "<group>"; };
		74C3670F0A246B4900B69171 /* SRValidator.m */ = {isa = PBXFileReference; fileEncoding = 30; lastKnownFileType = sourcecode.c.objc; path = SRValidator.m; sourceTree = "<group>"; };
		74C367100A246B4900B69171 /* SRCommon.h */ = {isa = PBXFileReference; fileEncoding = 30; lastKnownFileType = sourcecode.c.h; path = SRCommon.h; sourceTree = "<group>"; };
		74C367110A246B4900B69171 /* SRCommon.m */ = {isa = PBXFileReference; fileEncoding = 30; lastKnownFileType = sourcecode.c.objc; path = SRCommon.m; sourceTree = "<group>"; };
		8D1107320486CEB800E47090 /* ShortcutRecorder.app */ = {isa = PBXFileReference; explicitFileType = wrapper.application; includeInIndex = 0; path = ShortcutRecorder.app; sourceTree = BUILT_PRODUCTS_DIR; };
/* End PBXFileReference section */

/* Begin PBXFrameworksBuildPhase section */
		0B8E29D909CDB9720085E9ED /* Frameworks */ = {
			isa = PBXFrameworksBuildPhase;
			buildActionMask = 2147483647;
			files = (
				0B8E2A8B09CDC0750085E9ED /* Cocoa.framework in Frameworks */,
				0B8E2A8C09CDC0760085E9ED /* Carbon.framework in Frameworks */,
				0B8E2A8D09CDC0770085E9ED /* CoreServices.framework in Frameworks */,
				0B8E2AA109CDC0D90085E9ED /* InterfaceBuilder.framework in Frameworks */,
			);
			runOnlyForDeploymentPostprocessing = 0;
		};
		8D11072E0486CEB800E47090 /* Frameworks */ = {
			isa = PBXFrameworksBuildPhase;
			buildActionMask = 2147483647;
			files = (
				8D11072F0486CEB800E47090 /* Cocoa.framework in Frameworks */,
				0B57CB1209C482D20000E739 /* Carbon.framework in Frameworks */,
				0B57CB1409C482DC0000E739 /* CoreServices.framework in Frameworks */,
			);
			runOnlyForDeploymentPostprocessing = 0;
		};
/* End PBXFrameworksBuildPhase section */

/* Begin PBXGroup section */
		080E96DDFE201D6D7F000001 /* Classes */ = {
			isa = PBXGroup;
			children = (
				0B8E29BB09CDB9360085E9ED /* Source */,
				0B8E2A3109CDBB770085E9ED /* Palette */,
				0B8E29FF09CDBADE0085E9ED /* Demo */,
			);
			name = Classes;
			sourceTree = "<group>";
		};
		0B5E281709C1D6C500444687 /* Images */ = {
			isa = PBXGroup;
			children = (
				0B5E281809C1D6C500444687 /* SRRemoveShortcut.tif */,
				0B5E281A09C1D6C500444687 /* SRRemoveShortcutPressed.tif */,
				0B5E281C09C1D6C500444687 /* SRRemoveShortcutRollover.tif */,
				0B6DAA3C09C329AB0022655F /* SRSnapback.tiff */,
			);
			path = Images;
			sourceTree = "<group>";
		};
		0B8E29BB09CDB9360085E9ED /* Source */ = {
			isa = PBXGroup;
			children = (
				0B8E29C009CDB9360085E9ED /* SRRecorderControl.h */,
				0B8E29C109CDB9360085E9ED /* SRRecorderControl.m */,
				0B8E29C209CDB9360085E9ED /* SRRecorderCell.h */,
				0B8E29C309CDB9360085E9ED /* SRRecorderCell.m */,
				0B8E29BC09CDB9360085E9ED /* CTGradient.h */,
				0B8E29BD09CDB9360085E9ED /* CTGradient.m */,
				74C3670C0A246B4900B69171 /* SRKeyCodeTransformer.h */,
				74C3670D0A246B4900B69171 /* SRKeyCodeTransformer.m */,
				74C3670E0A246B4900B69171 /* SRValidator.h */,
				74C3670F0A246B4900B69171 /* SRValidator.m */,
				74C367100A246B4900B69171 /* SRCommon.h */,
				74C367110A246B4900B69171 /* SRCommon.m */,
			);
			path = Source;
			sourceTree = "<group>";
		};
		0B8E29FF09CDBADE0085E9ED /* Demo */ = {
			isa = PBXGroup;
			children = (
				0B8E2A0009CDBADE0085E9ED /* AppController.h */,
				0B8E2A0109CDBADE0085E9ED /* AppController.m */,
				0B8E2A0209CDBADE0085E9ED /* HotKey */,
			);
			path = Demo;
			sourceTree = "<group>";
		};
		0B8E2A0209CDBADE0085E9ED /* HotKey */ = {
			isa = PBXGroup;
			children = (
				0B8E2A0309CDBADE0085E9ED /* PTHotKey.h */,
				0B8E2A0409CDBADE0085E9ED /* PTHotKey.m */,
				0B8E2A0509CDBADE0085E9ED /* PTHotKeyCenter.h */,
				0B8E2A0609CDBADE0085E9ED /* PTHotKeyCenter.m */,
				0B8E2A0709CDBADE0085E9ED /* PTKeyCombo.h */,
				0B8E2A0809CDBADE0085E9ED /* PTKeyCombo.m */,
			);
			path = HotKey;
			sourceTree = "<group>";
		};
		0B8E2A1409CDBAFE0085E9ED /* Demo */ = {
			isa = PBXGroup;
			children = (
				089C165CFE840E0CC02AAC07 /* InfoPlist.strings */,
				29B97318FDCFA39411CA2CEA /* MainMenu.nib */,
			);
			name = Demo;
			sourceTree = "<group>";
		};
		0B8E2A2709CDBB470085E9ED /* Palette */ = {
			isa = PBXGroup;
			children = (
				0B8E2A8909CDC06E0085E9ED /* ShortcutRecorder.tiff */,
				0B8E2A4B09CDBBF80085E9ED /* ShortcutRecorder.ibclassdescription */,
				0B8E2A4909CDBBEB0085E9ED /* palette.table */,
				0B8E2A1E09CDBB440085E9ED /* InfoPlist.strings */,
				0BBDDE760A38830300BE2EB8 /* SRRecorderInspector.nib */,
				0BBDDE790A38830600BE2EB8 /* SRRecorderPalette.nib */,
			);
			name = Palette;
			sourceTree = "<group>";
		};
		0B8E2A3109CDBB770085E9ED /* Palette */ = {
			isa = PBXGroup;
			children = (
				0B8E2A3C09CDBBA30085E9ED /* SRRecorderPalette.h */,
				0B8E2A3B09CDBBA30085E9ED /* SRRecorderPalette.m */,
				0B8E2A3A09CDBBA30085E9ED /* SRRecorderInspector.h */,
				0B8E2A3909CDBBA30085E9ED /* SRRecorderInspector.m */,
			);
			name = Palette;
			sourceTree = "<group>";
		};
		1058C7A0FEA54F0111CA2CBB /* Linked Frameworks */ = {
			isa = PBXGroup;
			children = (
				0B8E2AA009CDC0D90085E9ED /* InterfaceBuilder.framework */,
				1058C7A1FEA54F0111CA2CBB /* Cocoa.framework */,
				0B57CB1109C482D20000E739 /* Carbon.framework */,
				0B57CB1309C482DC0000E739 /* CoreServices.framework */,
			);
			name = "Linked Frameworks";
			sourceTree = "<group>";
		};
		1058C7A2FEA54F0111CA2CBB /* Other Frameworks */ = {
			isa = PBXGroup;
			children = (
				29B97324FDCFA39411CA2CEA /* AppKit.framework */,
				13E42FB307B3F0F600E4EEF1 /* CoreData.framework */,
				29B97325FDCFA39411CA2CEA /* Foundation.framework */,
			);
			name = "Other Frameworks";
			sourceTree = "<group>";
		};
		19C28FACFE9D520D11CA2CBB /* Products */ = {
			isa = PBXGroup;
			children = (
				8D1107320486CEB800E47090 /* ShortcutRecorder.app */,
				0B8E29DB09CDB9720085E9ED /* ShortcutRecorder.palette */,
			);
			name = Products;
			sourceTree = "<group>";
		};
		29B97314FDCFA39411CA2CEA /* ShortcutRecorder */ = {
			isa = PBXGroup;
			children = (
				080E96DDFE201D6D7F000001 /* Classes */,
				29B97315FDCFA39411CA2CEA /* Other Sources */,
				29B97317FDCFA39411CA2CEA /* Resources */,
				29B97323FDCFA39411CA2CEA /* Frameworks */,
				19C28FACFE9D520D11CA2CBB /* Products */,
			);
			name = ShortcutRecorder;
			sourceTree = "<group>";
		};
		29B97315FDCFA39411CA2CEA /* Other Sources */ = {
			isa = PBXGroup;
			children = (
				32CA4F630368D1EE00C91783 /* ShortcutRecorder_Prefix.pch */,
				29B97316FDCFA39411CA2CEA /* main.m */,
			);
			name = "Other Sources";
			sourceTree = "<group>";
		};
		29B97317FDCFA39411CA2CEA /* Resources */ = {
			isa = PBXGroup;
			children = (
				0B68DD0709CC0BEB00596FC0 /* ShortcutRecorder.strings */,
				0B5E281709C1D6C500444687 /* Images */,
				0B8E2A1409CDBAFE0085E9ED /* Demo */,
				0B8E2A2709CDBB470085E9ED /* Palette */,
			);
			name = Resources;
			sourceTree = "<group>";
		};
		29B97323FDCFA39411CA2CEA /* Frameworks */ = {
			isa = PBXGroup;
			children = (
				1058C7A0FEA54F0111CA2CBB /* Linked Frameworks */,
				1058C7A2FEA54F0111CA2CBB /* Other Frameworks */,
			);
			name = Frameworks;
			sourceTree = "<group>";
		};
/* End PBXGroup section */

/* Begin PBXNativeTarget section */
		0B8E29DA09CDB9720085E9ED /* Palette */ = {
			isa = PBXNativeTarget;
			buildConfigurationList = 0B8E29DE09CDB9730085E9ED /* Build configuration list for PBXNativeTarget "Palette" */;
			buildPhases = (
				0B8E29D709CDB9720085E9ED /* Resources */,
				0B8E29D809CDB9720085E9ED /* Sources */,
				0B8E29D909CDB9720085E9ED /* Frameworks */,
			);
			buildRules = (
			);
			dependencies = (
			);
			name = Palette;
			productName = Palette;
			productReference = 0B8E29DB09CDB9720085E9ED /* ShortcutRecorder.palette */;
			productType = "com.apple.product-type.bundle";
		};
		8D1107260486CEB800E47090 /* ShortcutRecorder */ = {
			isa = PBXNativeTarget;
			buildConfigurationList = C01FCF4A08A954540054247B /* Build configuration list for PBXNativeTarget "ShortcutRecorder" */;
			buildPhases = (
				8D1107290486CEB800E47090 /* Resources */,
				8D11072C0486CEB800E47090 /* Sources */,
				8D11072E0486CEB800E47090 /* Frameworks */,
			);
			buildRules = (
			);
			dependencies = (
			);
			name = ShortcutRecorder;
			productInstallPath = "$(HOME)/Applications";
			productName = ShortcutRecorder;
			productReference = 8D1107320486CEB800E47090 /* ShortcutRecorder.app */;
			productType = "com.apple.product-type.application";
		};
/* End PBXNativeTarget section */

/* Begin PBXProject section */
		29B97313FDCFA39411CA2CEA /* Project object */ = {
			isa = PBXProject;
			buildConfigurationList = C01FCF4E08A954540054247B /* Build configuration list for PBXProject "ShortcutRecorder" */;
			compatibilityVersion = "Xcode 2.4";
			hasScannedForEncodings = 1;
			knownRegions = (
				English,
				Japanese,
				French,
				German,
				sv,
				Dutch,
			);
			mainGroup = 29B97314FDCFA39411CA2CEA /* ShortcutRecorder */;
			projectDirPath = "";
			projectRoot = "";
			targets = (
				8D1107260486CEB800E47090 /* ShortcutRecorder */,
				0B8E29DA09CDB9720085E9ED /* Palette */,
			);
		};
/* End PBXProject section */

/* Begin PBXResourcesBuildPhase section */
		0B8E29D709CDB9720085E9ED /* Resources */ = {
			isa = PBXResourcesBuildPhase;
			buildActionMask = 2147483647;
			files = (
				0B8E2A2409CDBB440085E9ED /* InfoPlist.strings in Resources */,
				0B8E2A4A09CDBBEB0085E9ED /* palette.table in Resources */,
				0B8E2A4C09CDBBF80085E9ED /* ShortcutRecorder.ibclassdescription in Resources */,
				0B8E2A8A09CDC06E0085E9ED /* ShortcutRecorder.tiff in Resources */,
				0B8E2A9209CDC0800085E9ED /* ShortcutRecorder.strings in Resources */,
				0B8E2D3009CDC1830085E9ED /* SRRemoveShortcut.tif in Resources */,
				0B8E2D3109CDC1840085E9ED /* SRRemoveShortcutPressed.tif in Resources */,
				0B8E2D3209CDC1840085E9ED /* SRRemoveShortcutRollover.tif in Resources */,
				0B8E2D3309CDC1850085E9ED /* SRSnapback.tiff in Resources */,
				0BBDDE780A38830300BE2EB8 /* SRRecorderInspector.nib in Resources */,
				0BBDDE7B0A38830600BE2EB8 /* SRRecorderPalette.nib in Resources */,
			);
			runOnlyForDeploymentPostprocessing = 0;
		};
		8D1107290486CEB800E47090 /* Resources */ = {
			isa = PBXResourcesBuildPhase;
			buildActionMask = 2147483647;
			files = (
				8D11072A0486CEB800E47090 /* MainMenu.nib in Resources */,
				8D11072B0486CEB800E47090 /* InfoPlist.strings in Resources */,
				0B5E281E09C1D6C500444687 /* SRRemoveShortcut.tif in Resources */,
				0B5E282009C1D6C500444687 /* SRRemoveShortcutPressed.tif in Resources */,
				0B5E282209C1D6C500444687 /* SRRemoveShortcutRollover.tif in Resources */,
				0B6DAA3D09C329AB0022655F /* SRSnapback.tiff in Resources */,
				0B68DD0909CC0BEB00596FC0 /* ShortcutRecorder.strings in Resources */,
			);
			runOnlyForDeploymentPostprocessing = 0;
		};
/* End PBXResourcesBuildPhase section */

/* Begin PBXSourcesBuildPhase section */
		0B8E29D809CDB9720085E9ED /* Sources */ = {
			isa = PBXSourcesBuildPhase;
			buildActionMask = 2147483647;
			files = (
				0B8E2A3D09CDBBA30085E9ED /* SRRecorderInspector.m in Sources */,
				0B8E2A3E09CDBBA30085E9ED /* SRRecorderPalette.m in Sources */,
				0B8E2A8E09CDC07A0085E9ED /* SRRecorderControl.m in Sources */,
				0B8E2A8F09CDC07B0085E9ED /* SRRecorderCell.m in Sources */,
				0B8E2A9109CDC07D0085E9ED /* CTGradient.m in Sources */,
				74C367150A246B4900B69171 /* SRKeyCodeTransformer.m in Sources */,
				74C367160A246B4900B69171 /* SRValidator.m in Sources */,
				74C367170A246B4900B69171 /* SRCommon.m in Sources */,
			);
			runOnlyForDeploymentPostprocessing = 0;
		};
		8D11072C0486CEB800E47090 /* Sources */ = {
			isa = PBXSourcesBuildPhase;
			buildActionMask = 2147483647;
			files = (
				8D11072D0486CEB800E47090 /* main.m in Sources */,
				0B8E29C409CDB9360085E9ED /* CTGradient.m in Sources */,
				0B8E29C609CDB9360085E9ED /* SRRecorderControl.m in Sources */,
				0B8E29C709CDB9360085E9ED /* SRRecorderCell.m in Sources */,
				0B8E2A0B09CDBADE0085E9ED /* AppController.m in Sources */,
				0B8E2A0C09CDBADE0085E9ED /* PTHotKey.m in Sources */,
				0B8E2A0D09CDBADE0085E9ED /* PTHotKeyCenter.m in Sources */,
				0B8E2A0E09CDBADE0085E9ED /* PTKeyCombo.m in Sources */,
				74C367120A246B4900B69171 /* SRKeyCodeTransformer.m in Sources */,
				74C367130A246B4900B69171 /* SRValidator.m in Sources */,
				74C367140A246B4900B69171 /* SRCommon.m in Sources */,
			);
			runOnlyForDeploymentPostprocessing = 0;
		};
/* End PBXSourcesBuildPhase section */

/* Begin PBXVariantGroup section */
		089C165CFE840E0CC02AAC07 /* InfoPlist.strings */ = {
			isa = PBXVariantGroup;
			children = (
				089C165DFE840E0CC02AAC07 /* InfoPlist.strings */,
			);
			name = InfoPlist.strings;
			sourceTree = "<group>";
		};
		0B68DD0709CC0BEB00596FC0 /* ShortcutRecorder.strings */ = {
			isa = PBXVariantGroup;
			children = (
				0B68DD0809CC0BEB00596FC0 /* English */,
				0B889A0A09CEC8BB0011F12B /* German */,
				0BA347AB09E84C7A008B4374 /* sv */,
				0B8216800A62B67D00E12BE3 /* Dutch */,
			);
			name = ShortcutRecorder.strings;
			sourceTree = "<group>";
		};
		0B8E2A1E09CDBB440085E9ED /* InfoPlist.strings */ = {
			isa = PBXVariantGroup;
			children = (
				0B8E2A1F09CDBB440085E9ED /* English */,
			);
			name = InfoPlist.strings;
			sourceTree = "<group>";
		};
		0BBDDE760A38830300BE2EB8 /* SRRecorderInspector.nib */ = {
			isa = PBXVariantGroup;
			children = (
				0BBDDE770A38830300BE2EB8 /* English */,
			);
			name = SRRecorderInspector.nib;
			sourceTree = "<group>";
		};
		0BBDDE790A38830600BE2EB8 /* SRRecorderPalette.nib */ = {
			isa = PBXVariantGroup;
			children = (
				0BBDDE7A0A38830600BE2EB8 /* English */,
			);
			name = SRRecorderPalette.nib;
			sourceTree = "<group>";
		};
		29B97318FDCFA39411CA2CEA /* MainMenu.nib */ = {
			isa = PBXVariantGroup;
			children = (
				29B97319FDCFA39411CA2CEA /* MainMenu.nib */,
			);
			name = MainMenu.nib;
			sourceTree = "<group>";
		};
/* End PBXVariantGroup section */

/* Begin XCBuildConfiguration section */
		0B8E29DF09CDB9730085E9ED /* Debug */ = {
			isa = XCBuildConfiguration;
			buildSettings = {
				COPY_PHASE_STRIP = NO;
				GCC_DYNAMIC_NO_PIC = NO;
				GCC_ENABLE_FIX_AND_CONTINUE = YES;
				GCC_GENERATE_DEBUGGING_SYMBOLS = YES;
				GCC_MODEL_TUNING = G5;
				GCC_OPTIMIZATION_LEVEL = 0;
				GCC_PRECOMPILE_PREFIX_HEADER = YES;
				GCC_PREFIX_HEADER = "$(SYSTEM_LIBRARY_DIR)/Frameworks/AppKit.framework/Headers/AppKit.h";
				INFOPLIST_FILE = "Palette/Palette-Info.plist";
				INSTALL_PATH = "$(HOME)/Developer/Palettes";
				OTHER_LDFLAGS = (
					"-framework",
					Foundation,
					"-framework",
					AppKit,
				);
				PREBINDING = NO;
				PRODUCT_NAME = ShortcutRecorder;
				WRAPPER_EXTENSION = palette;
				ZERO_LINK = YES;
			};
			name = Debug;
		};
		0B8E29E009CDB9730085E9ED /* Release */ = {
			isa = XCBuildConfiguration;
			buildSettings = {
				ARCHS = (
					ppc,
					i386,
				);
				COPY_PHASE_STRIP = YES;
				GCC_ENABLE_FIX_AND_CONTINUE = NO;
				GCC_GENERATE_DEBUGGING_SYMBOLS = NO;
				GCC_MODEL_TUNING = G5;
				GCC_PRECOMPILE_PREFIX_HEADER = YES;
				GCC_PREFIX_HEADER = "$(SYSTEM_LIBRARY_DIR)/Frameworks/AppKit.framework/Headers/AppKit.h";
				INFOPLIST_FILE = "Palette/Palette-Info.plist";
				INSTALL_PATH = "$(HOME)/Developer/Palettes";
				OTHER_LDFLAGS = (
					"-framework",
					Foundation,
					"-framework",
					AppKit,
				);
				PREBINDING = NO;
				PRODUCT_NAME = ShortcutRecorder;
				WRAPPER_EXTENSION = palette;
				ZERO_LINK = NO;
			};
			name = Release;
		};
		C01FCF4B08A954540054247B /* Debug */ = {
			isa = XCBuildConfiguration;
			buildSettings = {
				COPY_PHASE_STRIP = NO;
				GCC_DYNAMIC_NO_PIC = NO;
				GCC_ENABLE_FIX_AND_CONTINUE = YES;
				GCC_MODEL_TUNING = G5;
				GCC_OPTIMIZATION_LEVEL = 0;
				INFOPLIST_FILE = Demo/Info.plist;
				INSTALL_PATH = "$(HOME)/Applications";
				PRODUCT_NAME = ShortcutRecorder;
				WRAPPER_EXTENSION = app;
				ZERO_LINK = YES;
			};
			name = Debug;
		};
		C01FCF4C08A954540054247B /* Release */ = {
			isa = XCBuildConfiguration;
			buildSettings = {
				ARCHS = (
					ppc,
					i386,
				);
				GCC_GENERATE_DEBUGGING_SYMBOLS = NO;
				GCC_MODEL_TUNING = G5;
				INFOPLIST_FILE = Demo/Info.plist;
				INSTALL_PATH = "$(HOME)/Applications";
				PRODUCT_NAME = ShortcutRecorder;
				WRAPPER_EXTENSION = app;
			};
			name = Release;
		};
		C01FCF4F08A954540054247B /* Debug */ = {
			isa = XCBuildConfiguration;
			buildSettings = {
				GCC_C_LANGUAGE_STANDARD = gnu99;
				GCC_WARN_ABOUT_RETURN_TYPE = YES;
				GCC_WARN_UNUSED_VARIABLE = YES;
				PREBINDING = NO;
				SDKROOT = /Developer/SDKs/MacOSX10.4u.sdk;
				WARNING_CFLAGS = "-Wall";
				WARNING_LDFLAGS = "";
			};
			name = Debug;
		};
		C01FCF5008A954540054247B /* Release */ = {
			isa = XCBuildConfiguration;
			buildSettings = {
				GCC_C_LANGUAGE_STANDARD = gnu99;
				GCC_WARN_ABOUT_RETURN_TYPE = YES;
				GCC_WARN_UNUSED_VARIABLE = YES;
				PREBINDING = NO;
				SDKROOT = /Developer/SDKs/MacOSX10.4u.sdk;
				WARNING_CFLAGS = "-Wall";
				WARNING_LDFLAGS = "";
			};
			name = Release;
		};
/* End XCBuildConfiguration section */

/* Begin XCConfigurationList section */
		0B8E29DE09CDB9730085E9ED /* Build configuration list for PBXNativeTarget "Palette" */ = {
			isa = XCConfigurationList;
			buildConfigurations = (
				0B8E29DF09CDB9730085E9ED /* Debug */,
				0B8E29E009CDB9730085E9ED /* Release */,
			);
			defaultConfigurationIsVisible = 0;
			defaultConfigurationName = Release;
		};
		C01FCF4A08A954540054247B /* Build configuration list for PBXNativeTarget "ShortcutRecorder" */ = {
			isa = XCConfigurationList;
			buildConfigurations = (
				C01FCF4B08A954540054247B /* Debug */,
				C01FCF4C08A954540054247B /* Release */,
			);
			defaultConfigurationIsVisible = 0;
			defaultConfigurationName = Release;
		};
		C01FCF4E08A954540054247B /* Build configuration list for PBXProject "ShortcutRecorder" */ = {
			isa = XCConfigurationList;
			buildConfigurations = (
				C01FCF4F08A954540054247B /* Debug */,
				C01FCF5008A954540054247B /* Release */,
			);
			defaultConfigurationIsVisible = 0;
			defaultConfigurationName = Release;
		};
/* End XCConfigurationList section */
	};
	rootObject = 29B97313FDCFA39411CA2CEA /* Project object */;
}
